
Microsoft Visual Studio Solution File, Format Version 12.00
# Visual Studio Version 17
VisualStudioVersion = 17.4.33205.214
MinimumVisualStudioVersion = 10.0.40219.1
Project("{9A19103F-16F7-4668-BE54-9A1E7A4F7556}") = "AddressProvider", "AddressProvider\AddressProvider.csproj", "{3A823F3A-49CC-4E4C-AF64-E4D23C1A35C4}"
EndProject
Project("{9A19103F-16F7-4668-BE54-9A1E7A4F7556}") = "AddressProvider.Tests", "AddressProvider.Tests\AddressProvider.Tests.csproj", "{DD4D0D52-5DC9-4DDB-BD29-9BF8B025D09E}"
EndProject
Project("{9A19103F-16F7-4668-BE54-9A1E7A4F7556}") = "CustomerConsumer", "CustomerConsumer\CustomerConsumer.csproj", "{BBDEC9E0-6B6E-42BD-B006-A4E144043875}"
EndProject
Project("{9A19103F-16F7-4668-BE54-9A1E7A4F7556}") = "CustomerConsumer.Tests", "CustomerConsumer.Tests\CustomerConsumer.Tests.csproj", "{3EE06B02-F4B0-4D54-8402-562B23D75524}"
EndProject
Project("{FAE04EC0-301F-11D3-BF4B-00C04F79EFBC}") = "OrderConsumer", "OrderConsumer\OrderConsumer.csproj", "{56EA6399-EC51-465C-AE25-197587CA8618}"
EndProject
Project("{FAE04EC0-301F-11D3-BF4B-00C04F79EFBC}") = "OrderConsumer.Tests", "OrderConsumer.Tests\OrderConsumer.Tests.csproj", "{090B5F62-3ABF-4F23-B5BF-BDFFCB50804F}"
EndProject
Global
	GlobalSection(SolutionConfigurationPlatforms) = preSolution
		Debug|Any CPU = Debug|Any CPU
		Release|Any CPU = Release|Any CPU
	EndGlobalSection
	GlobalSection(ProjectConfigurationPlatforms) = postSolution
		{3A823F3A-49CC-4E4C-AF64-E4D23C1A35C4}.Debug|Any CPU.ActiveCfg = Debug|Any CPU
		{3A823F3A-49CC-4E4C-AF64-E4D23C1A35C4}.Debug|Any CPU.Build.0 = Debug|Any CPU
		{3A823F3A-49CC-4E4C-AF64-E4D23C1A35C4}.Release|Any CPU.ActiveCfg = Release|Any CPU
		{3A823F3A-49CC-4E4C-AF64-E4D23C1A35C4}.Release|Any CPU.Build.0 = Release|Any CPU
		{DD4D0D52-5DC9-4DDB-BD29-9BF8B025D09E}.Debug|Any CPU.ActiveCfg = Debug|Any CPU
		{DD4D0D52-5DC9-4DDB-BD29-9BF8B025D09E}.Debug|Any CPU.Build.0 = Debug|Any CPU
		{DD4D0D52-5DC9-4DDB-BD29-9BF8B025D09E}.Release|Any CPU.ActiveCfg = Release|Any CPU
		{DD4D0D52-5DC9-4DDB-BD29-9BF8B025D09E}.Release|Any CPU.Build.0 = Release|Any CPU
		{BBDEC9E0-6B6E-42BD-B006-A4E144043875}.Debug|Any CPU.ActiveCfg = Debug|Any CPU
		{BBDEC9E0-6B6E-42BD-B006-A4E144043875}.Debug|Any CPU.Build.0 = Debug|Any CPU
		{BBDEC9E0-6B6E-42BD-B006-A4E144043875}.Release|Any CPU.ActiveCfg = Release|Any CPU
		{BBDEC9E0-6B6E-42BD-B006-A4E144043875}.Release|Any CPU.Build.0 = Release|Any CPU
		{3EE06B02-F4B0-4D54-8402-562B23D75524}.Debug|Any CPU.ActiveCfg = Debug|Any CPU
		{3EE06B02-F4B0-4D54-8402-562B23D75524}.Debug|Any CPU.Build.0 = Debug|Any CPU
		{3EE06B02-F4B0-4D54-8402-562B23D75524}.Release|Any CPU.ActiveCfg = Release|Any CPU
		{3EE06B02-F4B0-4D54-8402-562B23D75524}.Release|Any CPU.Build.0 = Release|Any CPU
		{56EA6399-EC51-465C-AE25-197587CA8618}.Debug|Any CPU.ActiveCfg = Debug|Any CPU
		{56EA6399-EC51-465C-AE25-197587CA8618}.Debug|Any CPU.Build.0 = Debug|Any CPU
		{56EA6399-EC51-465C-AE25-197587CA8618}.Release|Any CPU.ActiveCfg = Release|Any CPU
		{56EA6399-EC51-465C-AE25-197587CA8618}.Release|Any CPU.Build.0 = Release|Any CPU
		{090B5F62-3ABF-4F23-B5BF-BDFFCB50804F}.Debug|Any CPU.ActiveCfg = Debug|Any CPU
		{090B5F62-3ABF-4F23-B5BF-BDFFCB50804F}.Debug|Any CPU.Build.0 = Debug|Any CPU
		{090B5F62-3ABF-4F23-B5BF-BDFFCB50804F}.Release|Any CPU.ActiveCfg = Release|Any CPU
		{090B5F62-3ABF-4F23-B5BF-BDFFCB50804F}.Release|Any CPU.Build.0 = Release|Any CPU
	EndGlobalSection
	GlobalSection(SolutionProperties) = preSolution
		HideSolutionNode = FALSE
	EndGlobalSection
	GlobalSection(ExtensibilityGlobals) = postSolution
		SolutionGuid = {F9419087-7360-4C42-B736-57E5536D9DD8}
	EndGlobalSection
EndGlobal
